
Microsoft Visual Studio Solution File, Format Version 12.00
# Visual Studio Version 16
VisualStudioVersion = 16.0.31515.178
MinimumVisualStudioVersion = 10.0.40219.1
Project("{FAE04EC0-301F-11D3-BF4B-00C04F79EFBC}") = "University.App.Android", "University.App\University.App.Android\University.App.Android.csproj", "{C804DF60-4E85-41C3-B37A-79CFD30B0FA5}"
EndProject
Project("{FAE04EC0-301F-11D3-BF4B-00C04F79EFBC}") = "University.App.iOS", "University.App\University.App.iOS\University.App.iOS.csproj", "{448524F3-1756-47C8-9A80-23BD19D74BF8}"
EndProject
Project("{9A19103F-16F7-4668-BE54-9A1E7A4F7556}") = "University.App", "University.App\University.App\University.App.csproj", "{858E2C63-87AF-44A7-8DA4-F06E270A6A9D}"
EndProject
Project("{FAE04EC0-301F-11D3-BF4B-00C04F79EFBC}") = "IMC.App.Android", "IMC.App\IMC.App.Android\IMC.App.Android.csproj", "{CA2710B9-1DF6-44BE-92D9-0BE11D8CEED8}"
EndProject
Project("{FAE04EC0-301F-11D3-BF4B-00C04F79EFBC}") = "IMC.App.iOS", "IMC.App\IMC.App.iOS\IMC.App.iOS.csproj", "{20888C73-7D27-48C0-9AFC-9EECD6C5646F}"
EndProject
Project("{FAE04EC0-301F-11D3-BF4B-00C04F79EFBC}") = "University.BL", "University.BL\University.BL.csproj", "{C6EFD30B-916B-4DBF-A19C-35F056234F55}"
EndProject
Global
	GlobalSection(SolutionConfigurationPlatforms) = preSolution
		Debug|Any CPU = Debug|Any CPU
		Debug|iPhone = Debug|iPhone
		Debug|iPhoneSimulator = Debug|iPhoneSimulator
		Release|Any CPU = Release|Any CPU
		Release|iPhone = Release|iPhone
		Release|iPhoneSimulator = Release|iPhoneSimulator
	EndGlobalSection
	GlobalSection(ProjectConfigurationPlatforms) = postSolution
		{C804DF60-4E85-41C3-B37A-79CFD30B0FA5}.Debug|Any CPU.ActiveCfg = Debug|Any CPU
		{C804DF60-4E85-41C3-B37A-79CFD30B0FA5}.Debug|Any CPU.Build.0 = Debug|Any CPU
		{C804DF60-4E85-41C3-B37A-79CFD30B0FA5}.Debug|Any CPU.Deploy.0 = Debug|Any CPU
		{C804DF60-4E85-41C3-B37A-79CFD30B0FA5}.Debug|iPhone.ActiveCfg = Debug|Any CPU
		{C804DF60-4E85-41C3-B37A-79CFD30B0FA5}.Debug|iPhone.Build.0 = Debug|Any CPU
		{C804DF60-4E85-41C3-B37A-79CFD30B0FA5}.Debug|iPhone.Deploy.0 = Debug|Any CPU
		{C804DF60-4E85-41C3-B37A-79CFD30B0FA5}.Debug|iPhoneSimulator.ActiveCfg = Debug|Any CPU
		{C804DF60-4E85-41C3-B37A-79CFD30B0FA5}.Debug|iPhoneSimulator.Build.0 = Debug|Any CPU
		{C804DF60-4E85-41C3-B37A-79CFD30B0FA5}.Debug|iPhoneSimulator.Deploy.0 = Debug|Any CPU
		{C804DF60-4E85-41C3-B37A-79CFD30B0FA5}.Release|Any CPU.ActiveCfg = Release|Any CPU
		{C804DF60-4E85-41C3-B37A-79CFD30B0FA5}.Release|Any CPU.Build.0 = Release|Any CPU
		{C804DF60-4E85-41C3-B37A-79CFD30B0FA5}.Release|Any CPU.Deploy.0 = Release|Any CPU
		{C804DF60-4E85-41C3-B37A-79CFD30B0FA5}.Release|iPhone.ActiveCfg = Release|Any CPU
		{C804DF60-4E85-41C3-B37A-79CFD30B0FA5}.Release|iPhone.Build.0 = Release|Any CPU
		{C804DF60-4E85-41C3-B37A-79CFD30B0FA5}.Release|iPhone.Deploy.0 = Release|Any CPU
		{C804DF60-4E85-41C3-B37A-79CFD30B0FA5}.Release|iPhoneSimulator.ActiveCfg = Release|Any CPU
		{C804DF60-4E85-41C3-B37A-79CFD30B0FA5}.Release|iPhoneSimulator.Build.0 = Release|Any CPU
		{C804DF60-4E85-41C3-B37A-79CFD30B0FA5}.Release|iPhoneSimulator.Deploy.0 = Release|Any CPU
		{448524F3-1756-47C8-9A80-23BD19D74BF8}.Debug|Any CPU.ActiveCfg = Debug|iPhone
		{448524F3-1756-47C8-9A80-23BD19D74BF8}.Debug|Any CPU.Build.0 = Debug|iPhone
		{448524F3-1756-47C8-9A80-23BD19D74BF8}.Debug|Any CPU.Deploy.0 = Debug|iPhone
		{448524F3-1756-47C8-9A80-23BD19D74BF8}.Debug|iPhone.ActiveCfg = Debug|iPhone
		{448524F3-1756-47C8-9A80-23BD19D74BF8}.Debug|iPhone.Build.0 = Debug|iPhone
		{448524F3-1756-47C8-9A80-23BD19D74BF8}.Debug|iPhone.Deploy.0 = Debug|iPhone
		{448524F3-1756-47C8-9A80-23BD19D74BF8}.Debug|iPhoneSimulator.ActiveCfg = Debug|iPhoneSimulator
		{448524F3-1756-47C8-9A80-23BD19D74BF8}.Debug|iPhoneSimulator.Build.0 = Debug|iPhoneSimulator
		{448524F3-1756-47C8-9A80-23BD19D74BF8}.Debug|iPhoneSimulator.Deploy.0 = Debug|iPhoneSimulator
		{448524F3-1756-47C8-9A80-23BD19D74BF8}.Release|Any CPU.ActiveCfg = Release|iPhoneSimulator
		{448524F3-1756-47C8-9A80-23BD19D74BF8}.Release|Any CPU.Build.0 = Release|iPhoneSimulator
		{448524F3-1756-47C8-9A80-23BD19D74BF8}.Release|Any CPU.Deploy.0 = Release|iPhoneSimulator
		{448524F3-1756-47C8-9A80-23BD19D74BF8}.Release|iPhone.ActiveCfg = Release|iPhone
		{448524F3-1756-47C8-9A80-23BD19D74BF8}.Release|iPhone.Build.0 = Release|iPhone
		{448524F3-1756-47C8-9A80-23BD19D74BF8}.Release|iPhone.Deploy.0 = Release|iPhone
		{448524F3-1756-47C8-9A80-23BD19D74BF8}.Release|iPhoneSimulator.ActiveCfg = Release|iPhoneSimulator
		{448524F3-1756-47C8-9A80-23BD19D74BF8}.Release|iPhoneSimulator.Build.0 = Release|iPhoneSimulator
		{448524F3-1756-47C8-9A80-23BD19D74BF8}.Release|iPhoneSimulator.Deploy.0 = Release|iPhoneSimulator
		{858E2C63-87AF-44A7-8DA4-F06E270A6A9D}.Debug|Any CPU.ActiveCfg = Debug|Any CPU
		{858E2C63-87AF-44A7-8DA4-F06E270A6A9D}.Debug|Any CPU.Build.0 = Debug|Any CPU
		{858E2C63-87AF-44A7-8DA4-F06E270A6A9D}.Debug|Any CPU.Deploy.0 = Debug|Any CPU
		{858E2C63-87AF-44A7-8DA4-F06E270A6A9D}.Debug|iPhone.ActiveCfg = Debug|Any CPU
		{858E2C63-87AF-44A7-8DA4-F06E270A6A9D}.Debug|iPhone.Build.0 = Debug|Any CPU
		{858E2C63-87AF-44A7-8DA4-F06E270A6A9D}.Debug|iPhone.Deploy.0 = Debug|Any CPU
		{858E2C63-87AF-44A7-8DA4-F06E270A6A9D}.Debug|iPhoneSimulator.ActiveCfg = Debug|Any CPU
		{858E2C63-87AF-44A7-8DA4-F06E270A6A9D}.Debug|iPhoneSimulator.Build.0 = Debug|Any CPU
		{858E2C63-87AF-44A7-8DA4-F06E270A6A9D}.Debug|iPhoneSimulator.Deploy.0 = Debug|Any CPU
		{858E2C63-87AF-44A7-8DA4-F06E270A6A9D}.Release|Any CPU.ActiveCfg = Release|Any CPU
		{858E2C63-87AF-44A7-8DA4-F06E270A6A9D}.Release|Any CPU.Build.0 = Release|Any CPU
		{858E2C63-87AF-44A7-8DA4-F06E270A6A9D}.Release|Any CPU.Deploy.0 = Release|Any CPU
		{858E2C63-87AF-44A7-8DA4-F06E270A6A9D}.Release|iPhone.ActiveCfg = Release|Any CPU
		{858E2C63-87AF-44A7-8DA4-F06E270A6A9D}.Release|iPhone.Build.0 = Release|Any CPU
		{858E2C63-87AF-44A7-8DA4-F06E270A6A9D}.Release|iPhone.Deploy.0 = Release|Any CPU
		{858E2C63-87AF-44A7-8DA4-F06E270A6A9D}.Release|iPhoneSimulator.ActiveCfg = Release|Any CPU
		{858E2C63-87AF-44A7-8DA4-F06E270A6A9D}.Release|iPhoneSimulator.Build.0 = Release|Any CPU
		{858E2C63-87AF-44A7-8DA4-F06E270A6A9D}.Release|iPhoneSimulator.Deploy.0 = Release|Any CPU
		{CA2710B9-1DF6-44BE-92D9-0BE11D8CEED8}.Debug|Any CPU.ActiveCfg = Debug|Any CPU
		{CA2710B9-1DF6-44BE-92D9-0BE11D8CEED8}.Debug|Any CPU.Build.0 = Debug|Any CPU
		{CA2710B9-1DF6-44BE-92D9-0BE11D8CEED8}.Debug|Any CPU.Deploy.0 = Debug|Any CPU
		{CA2710B9-1DF6-44BE-92D9-0BE11D8CEED8}.Debug|iPhone.ActiveCfg = Debug|Any CPU
		{CA2710B9-1DF6-44BE-92D9-0BE11D8CEED8}.Debug|iPhone.Build.0 = Debug|Any CPU
		{CA2710B9-1DF6-44BE-92D9-0BE11D8CEED8}.Debug|iPhone.Deploy.0 = Debug|Any CPU
		{CA2710B9-1DF6-44BE-92D9-0BE11D8CEED8}.Debug|iPhoneSimulator.ActiveCfg = Debug|Any CPU
		{CA2710B9-1DF6-44BE-92D9-0BE11D8CEED8}.Debug|iPhoneSimulator.Build.0 = Debug|Any CPU
		{CA2710B9-1DF6-44BE-92D9-0BE11D8CEED8}.Debug|iPhoneSimulator.Deploy.0 = Debug|Any CPU
		{CA2710B9-1DF6-44BE-92D9-0BE11D8CEED8}.Release|Any CPU.ActiveCfg = Release|Any CPU
		{CA2710B9-1DF6-44BE-92D9-0BE11D8CEED8}.Release|Any CPU.Build.0 = Release|Any CPU
		{CA2710B9-1DF6-44BE-92D9-0BE11D8CEED8}.Release|Any CPU.Deploy.0 = Release|Any CPU
		{CA2710B9-1DF6-44BE-92D9-0BE11D8CEED8}.Release|iPhone.ActiveCfg = Release|Any CPU
		{CA2710B9-1DF6-44BE-92D9-0BE11D8CEED8}.Release|iPhone.Build.0 = Release|Any CPU
		{CA2710B9-1DF6-44BE-92D9-0BE11D8CEED8}.Release|iPhone.Deploy.0 = Release|Any CPU
		{CA2710B9-1DF6-44BE-92D9-0BE11D8CEED8}.Release|iPhoneSimulator.ActiveCfg = Release|Any CPU
		{CA2710B9-1DF6-44BE-92D9-0BE11D8CEED8}.Release|iPhoneSimulator.Build.0 = Release|Any CPU
		{CA2710B9-1DF6-44BE-92D9-0BE11D8CEED8}.Release|iPhoneSimulator.Deploy.0 = Release|Any CPU
		{20888C73-7D27-48C0-9AFC-9EECD6C5646F}.Debug|Any CPU.ActiveCfg = Debug|iPhoneSimulator
		{20888C73-7D27-48C0-9AFC-9EECD6C5646F}.Debug|iPhone.ActiveCfg = Debug|iPhone
		{20888C73-7D27-48C0-9AFC-9EECD6C5646F}.Debug|iPhone.Build.0 = Debug|iPhone
		{20888C73-7D27-48C0-9AFC-9EECD6C5646F}.Debug|iPhoneSimulator.ActiveCfg = Debug|iPhoneSimulator
		{20888C73-7D27-48C0-9AFC-9EECD6C5646F}.Debug|iPhoneSimulator.Build.0 = Debug|iPhoneSimulator
		{20888C73-7D27-48C0-9AFC-9EECD6C5646F}.Release|Any CPU.ActiveCfg = Release|iPhoneSimulator
		{20888C73-7D27-48C0-9AFC-9EECD6C5646F}.Release|iPhone.ActiveCfg = Release|iPhone
		{20888C73-7D27-48C0-9AFC-9EECD6C5646F}.Release|iPhone.Build.0 = Release|iPhone
		{20888C73-7D27-48C0-9AFC-9EECD6C5646F}.Release|iPhoneSimulator.ActiveCfg = Release|iPhoneSimulator
		{20888C73-7D27-48C0-9AFC-9EECD6C5646F}.Release|iPhoneSimulator.Build.0 = Release|iPhoneSimulator
		{C6EFD30B-916B-4DBF-A19C-35F056234F55}.Debug|Any CPU.ActiveCfg = Debug|Any CPU
		{C6EFD30B-916B-4DBF-A19C-35F056234F55}.Debug|Any CPU.Build.0 = Debug|Any CPU
		{C6EFD30B-916B-4DBF-A19C-35F056234F55}.Debug|iPhone.ActiveCfg = Debug|Any CPU
		{C6EFD30B-916B-4DBF-A19C-35F056234F55}.Debug|iPhone.Build.0 = Debug|Any CPU
		{C6EFD30B-916B-4DBF-A19C-35F056234F55}.Debug|iPhoneSimulator.ActiveCfg = Debug|Any CPU
		{C6EFD30B-916B-4DBF-A19C-35F056234F55}.Debug|iPhoneSimulator.Build.0 = Debug|Any CPU
		{C6EFD30B-916B-4DBF-A19C-35F056234F55}.Release|Any CPU.ActiveCfg = Release|Any CPU
		{C6EFD30B-916B-4DBF-A19C-35F056234F55}.Release|Any CPU.Build.0 = Release|Any CPU
		{C6EFD30B-916B-4DBF-A19C-35F056234F55}.Release|iPhone.ActiveCfg = Release|Any CPU
		{C6EFD30B-916B-4DBF-A19C-35F056234F55}.Release|iPhone.Build.0 = Release|Any CPU
		{C6EFD30B-916B-4DBF-A19C-35F056234F55}.Release|iPhoneSimulator.ActiveCfg = Release|Any CPU
		{C6EFD30B-916B-4DBF-A19C-35F056234F55}.Release|iPhoneSimulator.Build.0 = Release|Any CPU
	EndGlobalSection
	GlobalSection(SolutionProperties) = preSolution
		HideSolutionNode = FALSE
	EndGlobalSection
	GlobalSection(ExtensibilityGlobals) = postSolution
		SolutionGuid = {489EBB51-4A5B-4CB2-88A0-8E01D64FFA96}
	EndGlobalSection
EndGlobal
